
Microsoft Visual Studio Solution File, Format Version 10.00
# Visual Studio 2008
Project("{FAE04EC0-301F-11D3-BF4B-00C04F79EFBC}") = "TimeResult", "TimeResult\TimeResult.csproj", "{54A5FF2A-1058-49CB-B16B-77212A1CFE6B}"
EndProject
Global
	GlobalSection(SolutionConfigurationPlatforms) = preSolution
		Debug|Any CPU = Debug|Any CPU
		Release|Any CPU = Release|Any CPU
	EndGlobalSection
	GlobalSection(ProjectConfigurationPlatforms) = postSolution
		{54A5FF2A-1058-49CB-B16B-77212A1CFE6B}.Debug|Any CPU.ActiveCfg = Debug|Any CPU
		{54A5FF2A-1058-49CB-B16B-77212A1CFE6B}.Debug|Any CPU.Build.0 = Debug|Any CPU
		{54A5FF2A-1058-49CB-B16B-77212A1CFE6B}.Release|Any CPU.ActiveCfg = Release|Any CPU
		{54A5FF2A-1058-49CB-B16B-77212A1CFE6B}.Release|Any CPU.Build.0 = Release|Any CPU
	EndGlobalSection
	GlobalSection(SolutionProperties) = preSolution
		HideSolutionNode = FALSE
	EndGlobalSection
EndGlobal
